{
  "requires": true,
  "lockfileVersion": 1,
  "dependencies": {
    "highcharts": {
      "version": "8.0.0",
      "resolved": "https://registry.npmjs.org/highcharts/-/highcharts-8.0.0.tgz",
      "integrity": "sha512-jRKLiP0i29zKSEgMDASyrfpivrM3e8V8yTv8YUZtRzB2mXR+hsBNHWZw2hNRZVxqq1QCVmW/9Z/BLFvYlJELqA=="
    },
    "highcharts-vue": {
      "version": "1.3.5",
      "resolved": "https://registry.npmjs.org/highcharts-vue/-/highcharts-vue-1.3.5.tgz",
      "integrity": "sha512-By1kc3m8XoI20pMshs/ue69j4rH6eQioDPoIrtC20RTti4QyvNAx8DisGSO3GAWe9sn50hPk8NsyxcwZIGaz3Q=="
    }
  }
}
